
Microsoft Visual Studio Solution File, Format Version 12.00
# Visual Studio Version 17
VisualStudioVersion = 17.2.32505.173
MinimumVisualStudioVersion = 10.0.40219.1
Project("{FAE04EC0-301F-11D3-BF4B-00C04F79EFBC}") = "MoneyHeist2", "MoneyHeist2\MoneyHeist2.csproj", "{EC180AF9-A01A-4180-BE44-D3F2FEBCA673}"
EndProject
Global
	GlobalSection(SolutionConfigurationPlatforms) = preSolution
		Debug|Any CPU = Debug|Any CPU
		Release|Any CPU = Release|Any CPU
	EndGlobalSection
	GlobalSection(ProjectConfigurationPlatforms) = postSolution
		{EC180AF9-A01A-4180-BE44-D3F2FEBCA673}.Debug|Any CPU.ActiveCfg = Debug|Any CPU
		{EC180AF9-A01A-4180-BE44-D3F2FEBCA673}.Debug|Any CPU.Build.0 = Debug|Any CPU
		{EC180AF9-A01A-4180-BE44-D3F2FEBCA673}.Release|Any CPU.ActiveCfg = Release|Any CPU
		{EC180AF9-A01A-4180-BE44-D3F2FEBCA673}.Release|Any CPU.Build.0 = Release|Any CPU
	EndGlobalSection
	GlobalSection(SolutionProperties) = preSolution
		HideSolutionNode = FALSE
	EndGlobalSection
	GlobalSection(ExtensibilityGlobals) = postSolution
		SolutionGuid = {5930E212-27DA-4DC3-9F22-04184304C277}
	EndGlobalSection
EndGlobal
